
Microsoft Visual Studio Solution File, Format Version 12.00
# Visual Studio 15
VisualStudioVersion = 15.0.28010.0
MinimumVisualStudioVersion = 10.0.40219.1
Project("{FAE04EC0-301F-11D3-BF4B-00C04F79EFBC}") = "TodoApp", "TodoApp\TodoApp.csproj", "{CE5F2E38-CE87-4146-983E-AA5E9B91A4EA}"
EndProject
Global
	GlobalSection(SolutionConfigurationPlatforms) = preSolution
		Debug|Any CPU = Debug|Any CPU
		Release|Any CPU = Release|Any CPU
	EndGlobalSection
	GlobalSection(ProjectConfigurationPlatforms) = postSolution
		{CE5F2E38-CE87-4146-983E-AA5E9B91A4EA}.Debug|Any CPU.ActiveCfg = Debug|Any CPU
		{CE5F2E38-CE87-4146-983E-AA5E9B91A4EA}.Debug|Any CPU.Build.0 = Debug|Any CPU
		{CE5F2E38-CE87-4146-983E-AA5E9B91A4EA}.Release|Any CPU.ActiveCfg = Release|Any CPU
		{CE5F2E38-CE87-4146-983E-AA5E9B91A4EA}.Release|Any CPU.Build.0 = Release|Any CPU
	EndGlobalSection
	GlobalSection(SolutionProperties) = preSolution
		HideSolutionNode = FALSE
	EndGlobalSection
	GlobalSection(ExtensibilityGlobals) = postSolution
		SolutionGuid = {17F5388D-D665-4942-933E-5CAF7E536B98}
	EndGlobalSection
EndGlobal
